
Microsoft Visual Studio Solution File, Format Version 12.00
# Visual Studio Version 17
VisualStudioVersion = 17.3.32811.315
MinimumVisualStudioVersion = 10.0.40219.1
Project("{9A19103F-16F7-4668-BE54-9A1E7A4F7556}") = "Labb3", "Labb3\Labb3.csproj", "{752E3BA3-00B0-4422-9340-9DB155C9B465}"
EndProject
Project("{FAE04EC0-301F-11D3-BF4B-00C04F79EFBC}") = "Word Library", "Word Library\Word Library.csproj", "{477B31F5-D2BD-4992-945E-BC90EE061142}"
EndProject
Global
	GlobalSection(SolutionConfigurationPlatforms) = preSolution
		Debug|Any CPU = Debug|Any CPU
		Release|Any CPU = Release|Any CPU
	EndGlobalSection
	GlobalSection(ProjectConfigurationPlatforms) = postSolution
		{752E3BA3-00B0-4422-9340-9DB155C9B465}.Debug|Any CPU.ActiveCfg = Debug|Any CPU
		{752E3BA3-00B0-4422-9340-9DB155C9B465}.Debug|Any CPU.Build.0 = Debug|Any CPU
		{752E3BA3-00B0-4422-9340-9DB155C9B465}.Release|Any CPU.ActiveCfg = Release|Any CPU
		{752E3BA3-00B0-4422-9340-9DB155C9B465}.Release|Any CPU.Build.0 = Release|Any CPU
		{477B31F5-D2BD-4992-945E-BC90EE061142}.Debug|Any CPU.ActiveCfg = Debug|Any CPU
		{477B31F5-D2BD-4992-945E-BC90EE061142}.Debug|Any CPU.Build.0 = Debug|Any CPU
		{477B31F5-D2BD-4992-945E-BC90EE061142}.Release|Any CPU.ActiveCfg = Release|Any CPU
		{477B31F5-D2BD-4992-945E-BC90EE061142}.Release|Any CPU.Build.0 = Release|Any CPU
	EndGlobalSection
	GlobalSection(SolutionProperties) = preSolution
		HideSolutionNode = FALSE
	EndGlobalSection
	GlobalSection(ExtensibilityGlobals) = postSolution
		SolutionGuid = {2AC8C77E-FDFA-4349-922E-63177C3C1EB8}
	EndGlobalSection
EndGlobal
